// !$*UTF8*$!
{
	archiveVersion = 1;
	classes = {
	};
	objectVersion = 46;
	objects = {

/* Begin PBXBuildFile section */
		724CDEA81E3CF0C5003F47E2 /* AppDelegate.swift in Sources */ = {isa = PBXBuildFile; fileRef = 724CDEA71E3CF0C5003F47E2 /* AppDelegate.swift */; };
		724CDEAA1E3CF0C5003F47E2 /* ViewController.swift in Sources */ = {isa = PBXBuildFile; fileRef = 724CDEA91E3CF0C5003F47E2 /* ViewController.swift */; };
		724CDEAD1E3CF0C5003F47E2 /* Main.storyboard in Resources */ = {isa = PBXBuildFile; fileRef = 724CDEAB1E3CF0C5003F47E2 /* Main.storyboard */; };
		724CDEB01E3CF0C5003F47E2 /* WTW.xcdatamodeld in Sources */ = {isa = PBXBuildFile; fileRef = 724CDEAE1E3CF0C5003F47E2 /* WTW.xcdatamodeld */; };
		724CDEB21E3CF0C5003F47E2 /* Assets.xcassets in Resources */ = {isa = PBXBuildFile; fileRef = 724CDEB11E3CF0C5003F47E2 /* Assets.xcassets */; };
		724CDEB51E3CF0C5003F47E2 /* LaunchScreen.storyboard in Resources */ = {isa = PBXBuildFile; fileRef = 724CDEB31E3CF0C5003F47E2 /* LaunchScreen.storyboard */; };
		724CDEC01E3CF0C5003F47E2 /* WTWTests.swift in Sources */ = {isa = PBXBuildFile; fileRef = 724CDEBF1E3CF0C5003F47E2 /* WTWTests.swift */; };
		724CDECB1E3CF0C5003F47E2 /* WTWUITests.swift in Sources */ = {isa = PBXBuildFile; fileRef = 724CDECA1E3CF0C5003F47E2 /* WTWUITests.swift */; };
/* End PBXBuildFile section */

/* Begin PBXContainerItemProxy section */
		724CDEBC1E3CF0C5003F47E2 /* PBXContainerItemProxy */ = {
			isa = PBXContainerItemProxy;
			containerPortal = 724CDE9C1E3CF0C4003F47E2 /* Project object */;
			proxyType = 1;
			remoteGlobalIDString = 724CDEA31E3CF0C4003F47E2;
			remoteInfo = WTW;
		};
		724CDEC71E3CF0C5003F47E2 /* PBXContainerItemProxy */ = {
			isa = PBXContainerItemProxy;
			containerPortal = 724CDE9C1E3CF0C4003F47E2 /* Project object */;
			proxyType = 1;
			remoteGlobalIDString = 724CDEA31E3CF0C4003F47E2;
			remoteInfo = WTW;
		};
/* End PBXContainerItemProxy section */

/* Begin PBXFileReference section */
		724CDEA41E3CF0C5003F47E2 /* WTW.app */ = {isa = PBXFileReference; explicitFileType = wrapper.application; includeInIndex = 0; path = WTW.app; sourceTree = BUILT_PRODUCTS_DIR; };
		724CDEA71E3CF0C5003F47E2 /* AppDelegate.swift */ = {isa = PBXFileReference; lastKnownFileType = sourcecode.swift; path = AppDelegate.swift; sourceTree = "<group>"; };
		724CDEA91E3CF0C5003F47E2 /* ViewController.swift */ = {isa = PBXFileReference; lastKnownFileType = sourcecode.swift; path = ViewController.swift; sourceTree = "<group>"; };
		724CDEAC1E3CF0C5003F47E2 /* Base */ = {isa = PBXFileReference; lastKnownFileType = file.storyboard; name = Base; path = Base.lproj/Main.storyboard; sourceTree = "<group>"; };
		724CDEAF1E3CF0C5003F47E2 /* WTW.xcdatamodel */ = {isa = PBXFileReference; lastKnownFileType = wrapper.xcdatamodel; path = WTW.xcdatamodel; sourceTree = "<group>"; };
		724CDEB11E3CF0C5003F47E2 /* Assets.xcassets */ = {isa = PBXFileReference; lastKnownFileType = folder.assetcatalog; path = Assets.xcassets; sourceTree = "<group>"; };
		724CDEB41E3CF0C5003F47E2 /* Base */ = {isa = PBXFileReference; lastKnownFileType = file.storyboard; name = Base; path = Base.lproj/LaunchScreen.storyboard; sourceTree = "<group>"; };
		724CDEB61E3CF0C5003F47E2 /* Info.plist */ = {isa = PBXFileReference; lastKnownFileType = text.plist.xml; path = Info.plist; sourceTree = "<group>"; };
		724CDEBB1E3CF0C5003F47E2 /* WTWTests.xctest */ = {isa = PBXFileReference; explicitFileType = wrapper.cfbundle; includeInIndex = 0; path = WTWTests.xctest; sourceTree = BUILT_PRODUCTS_DIR; };
		724CDEBF1E3CF0C5003F47E2 /* WTWTests.swift */ = {isa = PBXFileReference; lastKnownFileType = sourcecode.swift; path = WTWTests.swift; sourceTree = "<group>"; };
		724CDEC11E3CF0C5003F47E2 /* Info.plist */ = {isa = PBXFileReference; lastKnownFileType = text.plist.xml; path = Info.plist; sourceTree = "<group>"; };
		724CDEC61E3CF0C5003F47E2 /* WTWUITests.xctest */ = {isa = PBXFileReference; explicitFileType = wrapper.cfbundle; includeInIndex = 0; path = WTWUITests.xctest; sourceTree = BUILT_PRODUCTS_DIR; };
		724CDECA1E3CF0C5003F47E2 /* WTWUITests.swift */ = {isa = PBXFileReference; lastKnownFileType = sourcecode.swift; path = WTWUITests.swift; sourceTree = "<group>"; };
		724CDECC1E3CF0C5003F47E2 /* Info.plist */ = {isa = PBXFileReference; lastKnownFileType = text.plist.xml; path = Info.plist; sourceTree = "<group>"; };
/* End PBXFileReference section */

/* Begin PBXFrameworksBuildPhase section */
		724CDEA11E3CF0C4003F47E2 /* Frameworks */ = {
			isa = PBXFrameworksBuildPhase;
			buildActionMask = 2147483647;
			files = (
			);
			runOnlyForDeploymentPostprocessing = 0;
		};
		724CDEB81E3CF0C5003F47E2 /* Frameworks */ = {
			isa = PBXFrameworksBuildPhase;
			buildActionMask = 2147483647;
			files = (
			);
			runOnlyForDeploymentPostprocessing = 0;
		};
		724CDEC31E3CF0C5003F47E2 /* Frameworks */ = {
			isa = PBXFrameworksBuildPhase;
			buildActionMask = 2147483647;
			files = (
			);
			runOnlyForDeploymentPostprocessing = 0;
		};
/* End PBXFrameworksBuildPhase section */

/* Begin PBXGroup section */
		724CDE9B1E3CF0C4003F47E2 = {
			isa = PBXGroup;
			children = (
				724CDEA61E3CF0C5003F47E2 /* WTW */,
				724CDEBE1E3CF0C5003F47E2 /* WTWTests */,
				724CDEC91E3CF0C5003F47E2 /* WTWUITests */,
				724CDEA51E3CF0C5003F47E2 /* Products */,
			);
			sourceTree = "<group>";
		};
		724CDEA51E3CF0C5003F47E2 /* Products */ = {
			isa = PBXGroup;
			children = (
				724CDEA41E3CF0C5003F47E2 /* WTW.app */,
				724CDEBB1E3CF0C5003F47E2 /* WTWTests.xctest */,
				724CDEC61E3CF0C5003F47E2 /* WTWUITests.xctest */,
			);
			name = Products;
			sourceTree = "<group>";
		};
		724CDEA61E3CF0C5003F47E2 /* WTW */ = {
			isa = PBXGroup;
			children = (
				724CDEA71E3CF0C5003F47E2 /* AppDelegate.swift */,
				724CDEA91E3CF0C5003F47E2 /* ViewController.swift */,
				724CDEAB1E3CF0C5003F47E2 /* Main.storyboard */,
				724CDEB11E3CF0C5003F47E2 /* Assets.xcassets */,
				724CDEB31E3CF0C5003F47E2 /* LaunchScreen.storyboard */,
				724CDEB61E3CF0C5003F47E2 /* Info.plist */,
				724CDEAE1E3CF0C5003F47E2 /* WTW.xcdatamodeld */,
			);
			path = WTW;
			sourceTree = "<group>";
		};
		724CDEBE1E3CF0C5003F47E2 /* WTWTests */ = {
			isa = PBXGroup;
			children = (
				724CDEBF1E3CF0C5003F47E2 /* WTWTests.swift */,
				724CDEC11E3CF0C5003F47E2 /* Info.plist */,
			);
			path = WTWTests;
			sourceTree = "<group>";
		};
		724CDEC91E3CF0C5003F47E2 /* WTWUITests */ = {
			isa = PBXGroup;
			children = (
				724CDECA1E3CF0C5003F47E2 /* WTWUITests.swift */,
				724CDECC1E3CF0C5003F47E2 /* Info.plist */,
			);
			path = WTWUITests;
			sourceTree = "<group>";
		};
/* End PBXGroup section */

/* Begin PBXNativeTarget section */
		724CDEA31E3CF0C4003F47E2 /* WTW */ = {
			isa = PBXNativeTarget;
			buildConfigurationList = 724CDECF1E3CF0C5003F47E2 /* Build configuration list for PBXNativeTarget "WTW" */;
			buildPhases = (
				724CDEA01E3CF0C4003F47E2 /* Sources */,
				724CDEA11E3CF0C4003F47E2 /* Frameworks */,
				724CDEA21E3CF0C4003F47E2 /* Resources */,
			);
			buildRules = (
			);
			dependencies = (
			);
			name = WTW;
			productName = WTW;
			productReference = 724CDEA41E3CF0C5003F47E2 /* WTW.app */;
			productType = "com.apple.product-type.application";
		};
		724CDEBA1E3CF0C5003F47E2 /* WTWTests */ = {
			isa = PBXNativeTarget;
			buildConfigurationList = 724CDED21E3CF0C5003F47E2 /* Build configuration list for PBXNativeTarget "WTWTests" */;
			buildPhases = (
				724CDEB71E3CF0C5003F47E2 /* Sources */,
				724CDEB81E3CF0C5003F47E2 /* Frameworks */,
				724CDEB91E3CF0C5003F47E2 /* Resources */,
			);
			buildRules = (
			);
			dependencies = (
				724CDEBD1E3CF0C5003F47E2 /* PBXTargetDependency */,
			);
			name = WTWTests;
			productName = WTWTests;
			productReference = 724CDEBB1E3CF0C5003F47E2 /* WTWTests.xctest */;
			productType = "com.apple.product-type.bundle.unit-test";
		};
		724CDEC51E3CF0C5003F47E2 /* WTWUITests */ = {
			isa = PBXNativeTarget;
			buildConfigurationList = 724CDED51E3CF0C5003F47E2 /* Build configuration list for PBXNativeTarget "WTWUITests" */;
			buildPhases = (
				724CDEC21E3CF0C5003F47E2 /* Sources */,
				724CDEC31E3CF0C5003F47E2 /* Frameworks */,
				724CDEC41E3CF0C5003F47E2 /* Resources */,
			);
			buildRules = (
			);
			dependencies = (
				724CDEC81E3CF0C5003F47E2 /* PBXTargetDependency */,
			);
			name = WTWUITests;
			productName = WTWUITests;
			productReference = 724CDEC61E3CF0C5003F47E2 /* WTWUITests.xctest */;
			productType = "com.apple.product-type.bundle.ui-testing";
		};
/* End PBXNativeTarget section */

/* Begin PBXProject section */
		724CDE9C1E3CF0C4003F47E2 /* Project object */ = {
			isa = PBXProject;
			attributes = {
				LastSwiftUpdateCheck = 0810;
				LastUpgradeCheck = 0810;
				ORGANIZATIONNAME = wphTarn;
				TargetAttributes = {
					724CDEA31E3CF0C4003F47E2 = {
						CreatedOnToolsVersion = 8.1;
						DevelopmentTeam = 2AKDC938YB;
						ProvisioningStyle = Automatic;
					};
					724CDEBA1E3CF0C5003F47E2 = {
						CreatedOnToolsVersion = 8.1;
						DevelopmentTeam = 2AKDC938YB;
						ProvisioningStyle = Automatic;
						TestTargetID = 724CDEA31E3CF0C4003F47E2;
					};
					724CDEC51E3CF0C5003F47E2 = {
						CreatedOnToolsVersion = 8.1;
						DevelopmentTeam = 2AKDC938YB;
						ProvisioningStyle = Automatic;
						TestTargetID = 724CDEA31E3CF0C4003F47E2;
					};
				};
			};
			buildConfigurationList = 724CDE9F1E3CF0C4003F47E2 /* Build configuration list for PBXProject "WTW" */;
			compatibilityVersion = "Xcode 3.2";
			developmentRegion = English;
			hasScannedForEncodings = 0;
			knownRegions = (
				en,
				Base,
			);
			mainGroup = 724CDE9B1E3CF0C4003F47E2;
			productRefGroup = 724CDEA51E3CF0C5003F47E2 /* Products */;
			projectDirPath = "";
			projectRoot = "";
			targets = (
				724CDEA31E3CF0C4003F47E2 /* WTW */,
				724CDEBA1E3CF0C5003F47E2 /* WTWTests */,
				724CDEC51E3CF0C5003F47E2 /* WTWUITests */,
			);
		};
/* End PBXProject section */

/* Begin PBXResourcesBuildPhase section */
		724CDEA21E3CF0C4003F47E2 /* Resources */ = {
			isa = PBXResourcesBuildPhase;
			buildActionMask = 2147483647;
			files = (
				724CDEB51E3CF0C5003F47E2 /* LaunchScreen.storyboard in Resources */,
				724CDEB21E3CF0C5003F47E2 /* Assets.xcassets in Resources */,
				724CDEAD1E3CF0C5003F47E2 /* Main.storyboard in Resources */,
			);
			runOnlyForDeploymentPostprocessing = 0;
		};
		724CDEB91E3CF0C5003F47E2 /* Resources */ = {
			isa = PBXResourcesBuildPhase;
			buildActionMask = 2147483647;
			files = (
			);
			runOnlyForDeploymentPostprocessing = 0;
		};
		724CDEC41E3CF0C5003F47E2 /* Resources */ = {
			isa = PBXResourcesBuildPhase;
			buildActionMask = 2147483647;
			files = (
			);
			runOnlyForDeploymentPostprocessing = 0;
		};
/* End PBXResourcesBuildPhase section */

/* Begin PBXSourcesBuildPhase section */
		724CDEA01E3CF0C4003F47E2 /* Sources */ = {
			isa = PBXSourcesBuildPhase;
			buildActionMask = 2147483647;
			files = (
				724CDEB01E3CF0C5003F47E2 /* WTW.xcdatamodeld in Sources */,
				724CDEAA1E3CF0C5003F47E2 /* ViewController.swift in Sources */,
				724CDEA81E3CF0C5003F47E2 /* AppDelegate.swift in Sources */,
			);
			runOnlyForDeploymentPostprocessing = 0;
		};
		724CDEB71E3CF0C5003F47E2 /* Sources */ = {
			isa = PBXSourcesBuildPhase;
			buildActionMask = 2147483647;
			files = (
				724CDEC01E3CF0C5003F47E2 /* WTWTests.swift in Sources */,
			);
			runOnlyForDeploymentPostprocessing = 0;
		};
		724CDEC21E3CF0C5003F47E2 /* Sources */ = {
			isa = PBXSourcesBuildPhase;
			buildActionMask = 2147483647;
			files = (
				724CDECB1E3CF0C5003F47E2 /* WTWUITests.swift in Sources */,
			);
			runOnlyForDeploymentPostprocessing = 0;
		};
/* End PBXSourcesBuildPhase section */

/* Begin PBXTargetDependency section */
		724CDEBD1E3CF0C5003F47E2 /* PBXTargetDependency */ = {
			isa = PBXTargetDependency;
			target = 724CDEA31E3CF0C4003F47E2 /* WTW */;
			targetProxy = 724CDEBC1E3CF0C5003F47E2 /* PBXContainerItemProxy */;
		};
		724CDEC81E3CF0C5003F47E2 /* PBXTargetDependency */ = {
			isa = PBXTargetDependency;
			target = 724CDEA31E3CF0C4003F47E2 /* WTW */;
			targetProxy = 724CDEC71E3CF0C5003F47E2 /* PBXContainerItemProxy */;
		};
/* End PBXTargetDependency section */

/* Begin PBXVariantGroup section */
		724CDEAB1E3CF0C5003F47E2 /* Main.storyboard */ = {
			isa = PBXVariantGroup;
			children = (
				724CDEAC1E3CF0C5003F47E2 /* Base */,
			);
			name = Main.storyboard;
			sourceTree = "<group>";
		};
		724CDEB31E3CF0C5003F47E2 /* LaunchScreen.storyboard */ = {
			isa = PBXVariantGroup;
			children = (
				724CDEB41E3CF0C5003F47E2 /* Base */,
			);
			name = LaunchScreen.storyboard;
			sourceTree = "<group>";
		};
/* End PBXVariantGroup section */

/* Begin XCBuildConfiguration section */
		724CDECD1E3CF0C5003F47E2 /* Debug */ = {
			isa = XCBuildConfiguration;
			buildSettings = {
				ALWAYS_SEARCH_USER_PATHS = NO;
				CLANG_ANALYZER_NONNULL = YES;
				CLANG_CXX_LANGUAGE_STANDARD = "gnu++0x";
				CLANG_CXX_LIBRARY = "libc++";
				CLANG_ENABLE_MODULES = YES;
				CLANG_ENABLE_OBJC_ARC = YES;
				CLANG_WARN_BOOL_CONVERSION = YES;
				CLANG_WARN_CONSTANT_CONVERSION = YES;
				CLANG_WARN_DIRECT_OBJC_ISA_USAGE = YES_ERROR;
				CLANG_WARN_DOCUMENTATION_COMMENTS = YES;
				CLANG_WARN_EMPTY_BODY = YES;
				CLANG_WARN_ENUM_CONVERSION = YES;
				CLANG_WARN_INFINITE_RECURSION = YES;
				CLANG_WARN_INT_CONVERSION = YES;
				CLANG_WARN_OBJC_ROOT_CLASS = YES_ERROR;
				CLANG_WARN_SUSPICIOUS_MOVES = YES;
				CLANG_WARN_UNREACHABLE_CODE = YES;
				CLANG_WARN__DUPLICATE_METHOD_MATCH = YES;
				"CODE_SIGN_IDENTITY[sdk=iphoneos*]" = "iPhone Developer";
				COPY_PHASE_STRIP = NO;
				DEBUG_INFORMATION_FORMAT = dwarf;
				ENABLE_STRICT_OBJC_MSGSEND = YES;
				ENABLE_TESTABILITY = YES;
				GCC_C_LANGUAGE_STANDARD = gnu99;
				GCC_DYNAMIC_NO_PIC = NO;
				GCC_NO_COMMON_BLOCKS = YES;
				GCC_OPTIMIZATION_LEVEL = 0;
				GCC_PREPROCESSOR_DEFINITIONS = (
					"DEBUG=1",
					"$(inherited)",
				);
				GCC_WARN_64_TO_32_BIT_CONVERSION = YES;
				GCC_WARN_ABOUT_RETURN_TYPE = YES_ERROR;
				GCC_WARN_UNDECLARED_SELECTOR = YES;
				GCC_WARN_UNINITIALIZED_AUTOS = YES_AGGRESSIVE;
				GCC_WARN_UNUSED_FUNCTION = YES;
				GCC_WARN_UNUSED_VARIABLE = YES;
				IPHONEOS_DEPLOYMENT_TARGET = 10.1;
				MTL_ENABLE_DEBUG_INFO = YES;
				ONLY_ACTIVE_ARCH = YES;
				SDKROOT = iphoneos;
				SWIFT_ACTIVE_COMPILATION_CONDITIONS = DEBUG;
				SWIFT_OPTIMIZATION_LEVEL = "-Onone";
				TARGETED_DEVICE_FAMILY = "1,2";
			};
			name = Debug;
		};
		724CDECE1E3CF0C5003F47E2 /* Release */ = {
			isa = XCBuildConfiguration;
			buildSettings = {
				ALWAYS_SEARCH_USER_PATHS = NO;
				CLANG_ANALYZER_NONNULL = YES;
				CLANG_CXX_LANGUAGE_STANDARD = "gnu++0x";
				CLANG_CXX_LIBRARY = "libc++";
				CLANG_ENABLE_MODULES = YES;
				CLANG_ENABLE_OBJC_ARC = YES;
				CLANG_WARN_BOOL_CONVERSION = YES;
				CLANG_WARN_CONSTANT_CONVERSION = YES;
				CLANG_WARN_DIRECT_OBJC_ISA_USAGE = YES_ERROR;
				CLANG_WARN_DOCUMENTATION_COMMENTS = YES;
				CLANG_WARN_EMPTY_BODY = YES;
				CLANG_WARN_ENUM_CONVERSION = YES;
				CLANG_WARN_INFINITE_RECURSION = YES;
				CLANG_WARN_INT_CONVERSION = YES;
				CLANG_WARN_OBJC_ROOT_CLASS = YES_ERROR;
				CLANG_WARN_SUSPICIOUS_MOVES = YES;
				CLANG_WARN_UNREACHABLE_CODE = YES;
				CLANG_WARN__DUPLICATE_METHOD_MATCH = YES;
				"CODE_SIGN_IDENTITY[sdk=iphoneos*]" = "iPhone Developer";
				COPY_PHASE_STRIP = NO;
				DEBUG_INFORMATION_FORMAT = "dwarf-with-dsym";
				ENABLE_NS_ASSERTIONS = NO;
				ENABLE_STRICT_OBJC_MSGSEND = YES;
				GCC_C_LANGUAGE_STANDARD = gnu99;
				GCC_NO_COMMON_BLOCKS = YES;
				GCC_WARN_64_TO_32_BIT_CONVERSION = YES;
				GCC_WARN_ABOUT_RETURN_TYPE = YES_ERROR;
				GCC_WARN_UNDECLARED_SELECTOR = YES;
				GCC_WARN_UNINITIALIZED_AUTOS = YES_AGGRESSIVE;
				GCC_WARN_UNUSED_FUNCTION = YES;
				GCC_WARN_UNUSED_VARIABLE = YES;
				IPHONEOS_DEPLOYMENT_TARGET = 10.1;
				MTL_ENABLE_DEBUG_INFO = NO;
				SDKROOT = iphoneos;
				SWIFT_OPTIMIZATION_LEVEL = "-Owholemodule";
				TARGETED_DEVICE_FAMILY = "1,2";
				VALIDATE_PRODUCT = YES;
			};
			name = Release;
		};
		724CDED01E3CF0C5003F47E2 /* Debug */ = {
			isa = XCBuildConfiguration;
			buildSettings = {
				ASSETCATALOG_COMPILER_APPICON_NAME = AppIcon;
				DEVELOPMENT_TEAM = 2AKDC938YB;
				INFOPLIST_FILE = WTW/Info.plist;
				LD_RUNPATH_SEARCH_PATHS = "$(inherited) @executable_path/Frameworks";
				PRODUCT_BUNDLE_IDENTIFIER = wuttiporn.WTW;
				PRODUCT_NAME = "$(TARGET_NAME)";
				SWIFT_VERSION = 3.0;
			};
			name = Debug;
		};
		724CDED11E3CF0C5003F47E2 /* Release */ = {
			isa = XCBuildConfiguration;
			buildSettings = {
				ASSETCATALOG_COMPILER_APPICON_NAME = AppIcon;
				DEVELOPMENT_TEAM = 2AKDC938YB;
				INFOPLIST_FILE = WTW/Info.plist;
				LD_RUNPATH_SEARCH_PATHS = "$(inherited) @executable_path/Frameworks";
				PRODUCT_BUNDLE_IDENTIFIER = wuttiporn.WTW;
				PRODUCT_NAME = "$(TARGET_NAME)";
				SWIFT_VERSION = 3.0;
			};
			name = Release;
		};
		724CDED31E3CF0C5003F47E2 /* Debug */ = {
			isa = XCBuildConfiguration;
			buildSettings = {
				ALWAYS_EMBED_SWIFT_STANDARD_LIBRARIES = YES;
				BUNDLE_LOADER = "$(TEST_HOST)";
				DEVELOPMENT_TEAM = 2AKDC938YB;
				INFOPLIST_FILE = WTWTests/Info.plist;
				LD_RUNPATH_SEARCH_PATHS = "$(inherited) @executable_path/Frameworks @loader_path/Frameworks";
				PRODUCT_BUNDLE_IDENTIFIER = wuttiporn.WTWTests;
				PRODUCT_NAME = "$(TARGET_NAME)";
				SWIFT_VERSION = 3.0;
				TEST_HOST = "$(BUILT_PRODUCTS_DIR)/WTW.app/WTW";
			};
			name = Debug;
		};
		724CDED41E3CF0C5003F47E2 /* Release */ = {
			isa = XCBuildConfiguration;
			buildSettings = {
				ALWAYS_EMBED_SWIFT_STANDARD_LIBRARIES = YES;
				BUNDLE_LOADER = "$(TEST_HOST)";
				DEVELOPMENT_TEAM = 2AKDC938YB;
				INFOPLIST_FILE = WTWTests/Info.plist;
				LD_RUNPATH_SEARCH_PATHS = "$(inherited) @executable_path/Frameworks @loader_path/Frameworks";
				PRODUCT_BUNDLE_IDENTIFIER = wuttiporn.WTWTests;
				PRODUCT_NAME = "$(TARGET_NAME)";
				SWIFT_VERSION = 3.0;
				TEST_HOST = "$(BUILT_PRODUCTS_DIR)/WTW.app/WTW";
			};
			name = Release;
		};
		724CDED61E3CF0C5003F47E2 /* Debug */ = {
			isa = XCBuildConfiguration;
			buildSettings = {
				ALWAYS_EMBED_SWIFT_STANDARD_LIBRARIES = YES;
				DEVELOPMENT_TEAM = 2AKDC938YB;
				INFOPLIST_FILE = WTWUITests/Info.plist;
				LD_RUNPATH_SEARCH_PATHS = "$(inherited) @executable_path/Frameworks @loader_path/Frameworks";
				PRODUCT_BUNDLE_IDENTIFIER = wuttiporn.WTWUITests;
				PRODUCT_NAME = "$(TARGET_NAME)";
				SWIFT_VERSION = 3.0;
				TEST_TARGET_NAME = WTW;
			};
			name = Debug;
		};
		724CDED71E3CF0C5003F47E2 /* Release */ = {
			isa = XCBuildConfiguration;
			buildSettings = {
				ALWAYS_EMBED_SWIFT_STANDARD_LIBRARIES = YES;
				DEVELOPMENT_TEAM = 2AKDC938YB;
				INFOPLIST_FILE = WTWUITests/Info.plist;
				LD_RUNPATH_SEARCH_PATHS = "$(inherited) @executable_path/Frameworks @loader_path/Frameworks";
				PRODUCT_BUNDLE_IDENTIFIER = wuttiporn.WTWUITests;
				PRODUCT_NAME = "$(TARGET_NAME)";
				SWIFT_VERSION = 3.0;
				TEST_TARGET_NAME = WTW;
			};
			name = Release;
		};
/* End XCBuildConfiguration section */

/* Begin XCConfigurationList section */
		724CDE9F1E3CF0C4003F47E2 /* Build configuration list for PBXProject "WTW" */ = {
			isa = XCConfigurationList;
			buildConfigurations = (
				724CDECD1E3CF0C5003F47E2 /* Debug */,
				724CDECE1E3CF0C5003F47E2 /* Release */,
			);
			defaultConfigurationIsVisible = 0;
			defaultConfigurationName = Release;
		};
		724CDECF1E3CF0C5003F47E2 /* Build configuration list for PBXNativeTarget "WTW" */ = {
			isa = XCConfigurationList;
			buildConfigurations = (
				724CDED01E3CF0C5003F47E2 /* Debug */,
				724CDED11E3CF0C5003F47E2 /* Release */,
			);
			defaultConfigurationIsVisible = 0;
		};
		724CDED21E3CF0C5003F47E2 /* Build configuration list for PBXNativeTarget "WTWTests" */ = {
			isa = XCConfigurationList;
			buildConfigurations = (
				724CDED31E3CF0C5003F47E2 /* Debug */,
				724CDED41E3CF0C5003F47E2 /* Release */,
			);
			defaultConfigurationIsVisible = 0;
		};
		724CDED51E3CF0C5003F47E2 /* Build configuration list for PBXNativeTarget "WTWUITests" */ = {
			isa = XCConfigurationList;
			buildConfigurations = (
				724CDED61E3CF0C5003F47E2 /* Debug */,
				724CDED71E3CF0C5003F47E2 /* Release */,
			);
			defaultConfigurationIsVisible = 0;
		};
/* End XCConfigurationList section */

/* Begin XCVersionGroup section */
		724CDEAE1E3CF0C5003F47E2 /* WTW.xcdatamodeld */ = {
			isa = XCVersionGroup;
			children = (
				724CDEAF1E3CF0C5003F47E2 /* WTW.xcdatamodel */,
			);
			currentVersion = 724CDEAF1E3CF0C5003F47E2 /* WTW.xcdatamodel */;
			path = WTW.xcdatamodeld;
			sourceTree = "<group>";
			versionGroupType = wrapper.xcdatamodel;
		};
/* End XCVersionGroup section */
	};
	rootObject = 724CDE9C1E3CF0C4003F47E2 /* Project object */;
}
